{
  "name": "serverless-dns",
  "version": "1.0.0",
  "lockfileVersion": 1,
  "requires": true,
  "dependencies": {
    "@celzero/blocklist-wrapper": {
      "version": "1.0.0",
      "resolved": "https://registry.npmjs.org/@celzero/blocklist-wrapper/-/blocklist-wrapper-1.0.0.tgz",
      "integrity": "sha512-IJcv0ZEX1XA21Ctz7R6uzU3lnEdjQhTPeOpsTx5DhS9LqW3BOeRE9kfb/ZJQHbqJEU9yXege1iaXnzvmqT5ScA==",
      "requires": {
        "@celzero/error": "^1.0.0"
      }
    },
    "@celzero/cache-wrapper": {
      "version": "1.0.0",
      "resolved": "https://registry.npmjs.org/@celzero/cache-wrapper/-/cache-wrapper-1.0.0.tgz",
      "integrity": "sha512-Qqq0271QAhzSGVMxqfysleJX9lSKC3OxyoILPLWuW6x7uRMab3F4en47a0FnuR7ypBMHmCbD0J9VK3u2NpCztg==",
      "requires": {
        "@celzero/lfu-cache": "^1.0.0"
      }
    },
    "@celzero/count-min-sketch": {
      "version": "1.0.0",
      "resolved": "https://registry.npmjs.org/@celzero/count-min-sketch/-/count-min-sketch-1.0.0.tgz",
      "integrity": "sha512-YVUs1fSAqRtZPRkhy/E3WuzRQWVBlwQM7yIKy0omq2Ix5YiOsJbyRjS3jGVzrQzABeBLayxk2dk1fDrlNQFpBA=="
    },
    "@celzero/dns-blocker": {
      "version": "1.0.0",
      "resolved": "https://registry.npmjs.org/@celzero/dns-blocker/-/dns-blocker-1.0.0.tgz",
      "integrity": "sha512-pWWp/k5/HEbNUiAKUxLfaIwIHiYvJbSFbHkXi+EyPdCr+gJqiRpWUTXz/NdMtZy69GtP9b72NS8nWAvW1PxHFQ==",
      "requires": {
        "@celzero/dns-parser": "^1.0.0",
        "@celzero/error": "^1.0.0"
      }
    },
    "@celzero/dns-parser": {
      "version": "1.0.0",
      "resolved": "https://registry.npmjs.org/@celzero/dns-parser/-/dns-parser-1.0.0.tgz",
      "integrity": "sha512-D9xW7s4cMvo/Erev94mML/nGZPuY6P9KqqWTb/7ZOuBdZGnVNPG0TXe7Af+WnzPBuNlbPJpwTHa6VB1jKeeEBw=="
    },
    "@celzero/error": {
      "version": "1.0.0",
      "resolved": "https://registry.npmjs.org/@celzero/error/-/error-1.0.0.tgz",
      "integrity": "sha512-8JeGpACZ2l3e0eADi0eCiY5IKGH1eJCokQTzkjpOQMJI3OMyn8lcqecwpk6hXVCyvnimanB7YWhCARQexV4gHA=="
    },
    "@celzero/free-useroperation": {
      "version": "1.0.0",
      "resolved": "https://registry.npmjs.org/@celzero/free-useroperation/-/free-useroperation-1.0.0.tgz",
      "integrity": "sha512-Dx3JkFXGFrOc+/AoSEKCQPEVSzP6VQ53lixt/+5xL14wkmAAmRxB0R+Hc08TP0A4HGPeuTMWHnvzhrWnxKZPjg=="
    },
    "@celzero/globalcontext": {
      "version": "1.0.0",
      "resolved": "https://registry.npmjs.org/@celzero/globalcontext/-/globalcontext-1.0.0.tgz",
      "integrity": "sha512-5xb/E1J00jLF3Awm10QZ3yOMUTG8Br5KaCvq9GN7ysPrzbLnQsiQlXijAce5eaZ1YWlNcMI9597U1SE5IxUflQ==",
      "requires": {
        "@celzero/blocklist-wrapper": "^1.0.0",
        "@celzero/cache-wrapper": "^1.0.0",
        "@celzero/error": "^1.0.0"
      }
    },
    "@celzero/lfu-cache": {
      "version": "1.0.0",
      "resolved": "https://registry.npmjs.org/@celzero/lfu-cache/-/lfu-cache-1.0.0.tgz",
      "integrity": "sha512-/u/mDbuS8XGi3gwJJJchztjjrbP2v4OAJDrynD8+tqjP1i2mFtVApabSoimrUiaCYjv95fakNEQ5TZs/r0SOXQ==",
      "requires": {
        "@celzero/count-min-sketch": "^1.0.0",
        "@celzero/error": "^1.0.0"
      }
    },
    "@celzero/single-request": {
      "version": "1.0.0",
      "resolved": "https://registry.npmjs.org/@celzero/single-request/-/single-request-1.0.0.tgz",
      "integrity": "sha512-eMxJI1vumcX21j30IKXD4IdsS9GbtKn+vgZy87O0WfW5yX49ABlm0Z9TOuVRVC3Idek60LBVNn1xVQjYb3lulQ==",
      "requires": {
        "@celzero/dns-blocker": "^1.0.0"
      }
    }
  }
}
