{
  "name": "rethinkdns-freedns-blocklist-worker",
  "version": "1.0.0",
  "lockfileVersion": 1,
  "requires": true,
  "dependencies": {
    "wm-blocker": {
      "version": "1.0.0",
      "resolved": "https://registry.npmjs.org/wm-blocker/-/wm-blocker-1.0.0.tgz",
      "integrity": "sha512-wjatdFVF/AGDHh/Pv4ZEGjQjsehadlrXCaR5A6ae1oJYxLEEocdGQedaMvQp2AnRdfRbn+PP+Ss86zSj0L1oDQ==",
      "requires": {
        "wm-dns-packet": "1.0.0",
        "wm-error": "1.0.0",
        "wm-flagtagoperation": "1.0.0",
        "wm-lfu-cache": "1.0.0"
      }
    },
    "wm-blocklist": {
      "version": "1.0.0",
      "resolved": "https://registry.npmjs.org/wm-blocklist/-/wm-blocklist-1.0.0.tgz",
      "integrity": "sha512-7AJoMsnAHQhmNmpZkhiilFGBHdvAxY6v57B2sVrGviz2zeJ+ZrdFu634G9EA0rxkzlunsq4ytC/sqKEZIlAWOQ=="
    },
    "wm-bloomfilter": {
      "version": "1.0.0",
      "resolved": "https://registry.npmjs.org/wm-bloomfilter/-/wm-bloomfilter-1.0.0.tgz",
      "integrity": "sha512-VNmD3eVro1ueE9OLEmheE/hp8ljXibwZ0VP/7Ui0ZcLVc1/Ro5d9FHu76PrFM4DKErIOZ1ni+zvOD81ZBi3QFQ=="
    },
    "wm-cmin": {
      "version": "1.0.0",
      "resolved": "https://registry.npmjs.org/wm-cmin/-/wm-cmin-1.0.0.tgz",
      "integrity": "sha512-RDB0cuRm/WV05I+1Ihss/a6zxh4xser+icfWpWO5QlShAFQUe3xkePRoBpDpgOl1vsikllwdqJv2AMMiG9gjJQ=="
    },
    "wm-common-members": {
      "version": "1.0.0",
      "resolved": "https://registry.npmjs.org/wm-common-members/-/wm-common-members-1.0.0.tgz",
      "integrity": "sha512-R5CP/UkOiLddQdz1/rgBzE3R8CscEyr8imrrRg9tMsw17Lqu2aYfXGi0YWixdBaylRAociISAPGWCvFTBaq++g=="
    },
    "wm-dns-packet": {
      "version": "1.0.0",
      "resolved": "https://registry.npmjs.org/wm-dns-packet/-/wm-dns-packet-1.0.0.tgz",
      "integrity": "sha512-1LzRhPQgmsCbQPSm0wzT3UyXf3ap3mQ5Q6jpGyW/sDzB//iXh/s+dSBclZW7VkqdaaVJj02Fb22K3htXnPQnqA=="
    },
    "wm-error": {
      "version": "1.0.0",
      "resolved": "https://registry.npmjs.org/wm-error/-/wm-error-1.0.0.tgz",
      "integrity": "sha512-3b2PCQMC5SUIOFTnazyr3EsEAFNZ83YtMlzhrMDzKfyfNhBHfhNI4FhAv7dvjYIH23f11vO2FwLG3lgpfCi66g=="
    },
    "wm-filter": {
      "version": "1.0.0",
      "resolved": "https://registry.npmjs.org/wm-filter/-/wm-filter-1.0.0.tgz",
      "integrity": "sha512-Am2075+zVoyOZVc2gpYQD4ArHvq1Tsj/LZBZA+LCaB9E+jv8ctQE+d8gB2jeZ8AL9nEQJlux11W8JDK+u8i7Eg==",
      "requires": {
        "wm-bloomfilter": "1.0.0",
        "wm-error": "1.0.0"
      }
    },
    "wm-flagtagoperation": {
      "version": "1.0.0",
      "resolved": "https://registry.npmjs.org/wm-flagtagoperation/-/wm-flagtagoperation-1.0.0.tgz",
      "integrity": "sha512-NVlQbdklNI/m3nQ4OK2HjCMS0wOoE253SfkZnoQZjq10ZLHnMx1tE0nPpfFdCVi6QWZ54LaLajj0RzeK/7gWtg==",
      "requires": {
        "wm-error": "^1.0.0"
      }
    },
    "wm-lfu-cache": {
      "version": "1.0.0",
      "resolved": "https://registry.npmjs.org/wm-lfu-cache/-/wm-lfu-cache-1.0.0.tgz",
      "integrity": "sha512-wTKUeF7xmwx2qsHzbdQceh2LZulhP0/njwcJL80Iz6yhSnh8LIVT8//m2jZ8wcLl23EE1x7uBXDW3ndq8j9i9A==",
      "requires": {
        "wm-cmin": "^1.0.0",
        "wm-error": "^1.0.0"
      }
    }
  }
}
